
Microsoft Visual Studio Solution File, Format Version 12.00
# Visual Studio Version 17
VisualStudioVersion = 17.3.32804.467
MinimumVisualStudioVersion = 10.0.40219.1
Project("{FAE04EC0-301F-11D3-BF4B-00C04F79EFBC}") = "Technology", "Ch7-Exercises\Technology.csproj", "{21D332B1-CDE3-4F53-B239-780BB613D569}"
EndProject
Project("{FAE04EC0-301F-11D3-BF4B-00C04F79EFBC}") = "TechnologyTests", "TechnologyTests\TechnologyTests.csproj", "{392100E2-5DE9-408F-9370-76FED15B4BF1}"
EndProject
Global
	GlobalSection(SolutionConfigurationPlatforms) = preSolution
		Debug|Any CPU = Debug|Any CPU
		Release|Any CPU = Release|Any CPU
	EndGlobalSection
	GlobalSection(ProjectConfigurationPlatforms) = postSolution
		{21D332B1-CDE3-4F53-B239-780BB613D569}.Debug|Any CPU.ActiveCfg = Debug|Any CPU
		{21D332B1-CDE3-4F53-B239-780BB613D569}.Debug|Any CPU.Build.0 = Debug|Any CPU
		{21D332B1-CDE3-4F53-B239-780BB613D569}.Release|Any CPU.ActiveCfg = Release|Any CPU
		{21D332B1-CDE3-4F53-B239-780BB613D569}.Release|Any CPU.Build.0 = Release|Any CPU
		{392100E2-5DE9-408F-9370-76FED15B4BF1}.Debug|Any CPU.ActiveCfg = Debug|Any CPU
		{392100E2-5DE9-408F-9370-76FED15B4BF1}.Debug|Any CPU.Build.0 = Debug|Any CPU
		{392100E2-5DE9-408F-9370-76FED15B4BF1}.Release|Any CPU.ActiveCfg = Release|Any CPU
		{392100E2-5DE9-408F-9370-76FED15B4BF1}.Release|Any CPU.Build.0 = Release|Any CPU
	EndGlobalSection
	GlobalSection(SolutionProperties) = preSolution
		HideSolutionNode = FALSE
	EndGlobalSection
	GlobalSection(ExtensibilityGlobals) = postSolution
		SolutionGuid = {6FD99124-2EF5-4F91-AED4-213CCAEE42A6}
	EndGlobalSection
EndGlobal
